
Microsoft Visual Studio Solution File, Format Version 12.00
# Visual Studio Version 16
VisualStudioVersion = 16.0.29609.76
MinimumVisualStudioVersion = 10.0.40219.1
Project("{FAE04EC0-301F-11D3-BF4B-00C04F79EFBC}") = "SigmaOnlineERP", "SigmaOnlineERP\SigmaOnlineERP.csproj", "{042310CC-4C25-4F31-A5BC-D3C11AE07915}"
EndProject
Global
	GlobalSection(SolutionConfigurationPlatforms) = preSolution
		Debug|Any CPU = Debug|Any CPU
		Release|Any CPU = Release|Any CPU
	EndGlobalSection
	GlobalSection(ProjectConfigurationPlatforms) = postSolution
		{042310CC-4C25-4F31-A5BC-D3C11AE07915}.Debug|Any CPU.ActiveCfg = Debug|Any CPU
		{042310CC-4C25-4F31-A5BC-D3C11AE07915}.Debug|Any CPU.Build.0 = Debug|Any CPU
		{042310CC-4C25-4F31-A5BC-D3C11AE07915}.Release|Any CPU.ActiveCfg = Release|Any CPU
		{042310CC-4C25-4F31-A5BC-D3C11AE07915}.Release|Any CPU.Build.0 = Release|Any CPU
	EndGlobalSection
	GlobalSection(SolutionProperties) = preSolution
		HideSolutionNode = FALSE
	EndGlobalSection
	GlobalSection(ExtensibilityGlobals) = postSolution
		SolutionGuid = {131F5B34-2AD4-43C7-8134-71BE42E65A7C}
	EndGlobalSection
EndGlobal
